version = 1
revision = 2
requires-python = ">=3.12"

[[package]]
name = "mmh3"
version = "5.3.0"
source = { registry = "https://pypi.org/simple" }
sdist = { url = "https://files.pythonhosted.org/packages/aa/69/d00269fee7a3102fcc0f04f0a312e41c6b237762bdcad4c19426f18e697c/mmh3-5.3.0.tar.gz", hash = "sha256:95832419b87b882bec9dcd7d041d74887ba7745b3659c14be1ae1db5cfa35cad", size = 33607, upload_time = "2026-08-26T04:58:20.042Z" }
wheels = [
    { url = "https://files.pythonhosted.org/packages/ef/97/28c3905a7e27e100ef50322798659e0af514eff600aabffbab00e3cd27ad/mmh3-5.3.0-cp312-cp312-macosx_10_13_universal2.whl", hash = "sha256:5e7373e6834e4bdf2c24dbb1a0c6dd834bb5a189efb65723ebb58a8f3e76204b", size = 55484, upload_time = "2026-08-26T04:56:12.197Z" },
    { url = "https://files.pythonhosted.org/packages/44/13/629beb4d3e92ffcf1486c81cbb0605d9e6685b2721eb6753946a9d217359/mmh3-5.3.0-cp312-cp312-macosx_10_13_x86_64.whl", hash = "sha256:430ed4de594d0084d9b7956b05075a9054d290a3a0d7b370553a9096a4fd429f", size = 40091, upload_time = "2026-08-26T04:56:13.289Z" },
    { url = "https://files.pythonhosted.org/packages/c7/64/0a5832cd45207c507ee83bb7286dfeccf51c438aa8b6217f44f286f354f4/mmh3-5.3.0-cp312-cp312-macosx_11_0_arm64.whl", hash = "sha256:bee76669a5b588cd806aa619ea9eb8f0c8a00e6991001d830e07cc69258962a9", size = 39694, upload_time = "2026-08-26T04:56:14.244Z" },
    { url = "https://files.pythonhosted.org/packages/13/ac/e9a157fbeebf44da5e39e49ef3901cbd68651d966658b58303074f349422/mmh3-5.3.0-cp312-cp312-manylinux1_i686.manylinux_2_28_i686.manylinux_2_5_i686.whl", hash = "sha256:c6fbc4e3017fb99e639abdb58a6a31e14bcbd270562805a0b80a102f8a4f3024", size = 97220, upload_time = "2026-08-26T04:56:15.312Z" },
    { url = "https://files.pythonhosted.org/packages/af/a6/5012e363699c598166fb955f7267975284dd51eadc0383771a1a593d4ac2/mmh3-5.3.0-cp312-cp312-manylinux1_x86_64.manylinux_2_28_x86_64.manylinux_2_5_x86_64.whl", hash = "sha256:98db40c6ef8bbeb028e0424736a6bef3b1d8d0a02399236eb00db0dd0b7ca957", size = 103238, upload_time = "2026-08-26T04:56:16.425Z" },
    { url = "https://files.pythonhosted.org/packages/47/53/5710edf5edd969bbc42985577ddc73758a1c90a1613ffc4356087b5e330f/mmh3-5.3.0-cp312-cp312-manylinux2014_aarch64.manylinux_2_17_aarch64.manylinux_2_28_aarch64.whl", hash = "sha256:fa216ac716e7c99e4dc4b039c6219a31cd381cc0588ca45cf66f36011613f3ed", size = 106138, upload_time = "2026-08-26T04:56:17.54Z" },
    { url = "https://files.pythonhosted.org/packages/c5/dc/e7737d142ecb5847aad04fc92d63bd455587f5dc33ebbfddeb7936f98713/mmh3-5.3.0-cp312-cp312-manylinux2014_ppc64le.manylinux_2_17_ppc64le.manylinux_2_28_ppc64le.whl", hash = "sha256:ef9fe783b932927da8070f5b2913ce412e42c80bf17fd523042325ee3a44f756", size = 112973, upload_time = "2026-08-26T04:56:18.644Z" },
    { url = "https://files.pythonhosted.org/packages/cd/04/34e1242a23e14c78a39dd76ffdf860e76d01c917e4103b9729c27efc22f7/mmh3-5.3.0-cp312-cp312-manylinux2014_s390x.manylinux_2_17_s390x.manylinux_2_28_s390x.whl", hash = "sha256:1d5de36640293374673ec6813b7a23d8a9621bbd87f079c6ec4c5e8585cb1f64", size = 120621, upload_time = "2026-08-26T04:56:19.837Z" },
    { url = "https://files.pythonhosted.org/packages/f3/6b/665f1bd97666095f8a92b4191e22c21038c3e5f6bccad2a09218962e0541/mmh3-5.3.0-cp312-cp312-musllinux_1_2_aarch64.whl", hash = "sha256:0a6bd95c410ec9500d9515a4fe522e24452f71df38de47395f99aebc085a5d5a", size = 99020, upload_time = "2026-08-26T04:56:21.07Z" },
    { url = "https://files.pythonhosted.org/packages/e7/a8/0ce084753cc8a82f8cbadcb6723f2e17c341b17683eafc49729a55db4930/mmh3-5.3.0-cp312-cp312-musllinux_1_2_i686.whl", hash = "sha256:f0c7a36ccb66bfc8fcfa7a9722614b959231e325f0e08862c6ea70a7283a6520", size = 98497, upload_time = "2026-08-26T04:56:22.252Z" },
    { url = "https://files.pythonhosted.org/packages/01/1e/501564ca0687e4138c01c12d5b1bc049511753f5a5db2538ad662bf16d97/mmh3-5.3.0-cp312-cp312-musllinux_1_2_ppc64le.whl", hash = "sha256:767c6c0cf3f67c3e4e246ae7e1cc9ce7755f174f994aa3111c8357f16a587161", size = 106369, upload_time = "2026-08-26T04:56:23.375Z" },
    { url = "https://files.pythonhosted.org/packages/f7/af/7e072e63c10f81b0d4f2abff29363029144c62006baa1fbe437302d24f05/mmh3-5.3.0-cp312-cp312-musllinux_1_2_s390x.whl", hash = "sha256:408d37be08e12a154b482dcb300781d3dd154abab8e002ab32ecde6aa6a325bc", size = 109882, upload_time = "2026-08-26T04:56:24.495Z" },
    { url = "https://files.pythonhosted.org/packages/a6/89/90e3f0f59eb13b362cb0c091a1ce43b94325fae8c6c20a991dc9ee6bd0b7/mmh3-5.3.0-cp312-cp312-musllinux_1_2_x86_64.whl", hash = "sha256:a2b77b3e6a9d817822407b32c514205b44ceeb8ab197bee09de19e5f1e04ce18", size = 97421, upload_time = "2026-08-26T04:56:25.675Z" },
    { url = "https://files.pythonhosted.org/packages/f4/be/eaa4b95e3fdb2617ec1c1502ab15f5941408c02a3c80a5df63ab4c412abd/mmh3-5.3.0-cp312-cp312-win32.whl", hash = "sha256:d4cc2cb5f117da6460c14c65cbc0d1cf0976af3e56de6cd627cc36019f323e15", size = 40467, upload_time = "2026-08-26T04:56:26.804Z" },
    { url = "https://files.pythonhosted.org/packages/39/86/695592b763d2c0a5739ff50e62be102a1790bd5817a5f7f9ed2ffcbe198f/mmh3-5.3.0-cp312-cp312-win_amd64.whl", hash = "sha256:ad5e6b56000d4b1b82a380c664982371939dc8f728fcbb73d017edc035247dcb", size = 41864, upload_time = "2026-08-26T04:56:27.779Z" },
    { url = "https://files.pythonhosted.org/packages/d1/ea/b534107b184454994865f5c1695df2f666672f16636b814da182b3ab0f6f/mmh3-5.3.0-cp312-cp312-win_arm64.whl", hash = "sha256:4b660543eee66d5f07408fc1cdd0d017416f0f5cd1725def314cca3f67b0cac5", size = 39206, upload_time = "2026-08-26T04:56:28.789Z" },
    { url = "https://files.pythonhosted.org/packages/8b/fa/e07f6b9e2fba550fe539b6c66ee7fc28e44f5bd445a7203ae4c169d4aa72/mmh3-5.3.0-cp313-cp313-android_24_arm64_v8a.whl", hash = "sha256:6576400e7a748ec5c7ea72f38d626939876dd1756f4a0ccf552b8646dcf6f3e9", size = 41040, upload_time = "2026-08-26T04:56:29.766Z" },
    { url = "https://files.pythonhosted.org/packages/62/9c/cb0f23e71bddcc519331c9787ec029e0d2fef64ed1bc490ad84b00a43950/mmh3-5.3.0-cp313-cp313-android_24_x86_64.whl", hash = "sha256:2b4cd2fcf1b517872530d9ef1a2de2ef9b86e5a0f8927539ea0b68337618244e", size = 42153, upload_time = "2026-08-26T04:56:30.954Z" },
    { url = "https://files.pythonhosted.org/packages/27/1c/99f2ff480922046a496c2e53728a13a467b68f01a0f48370577c0825a763/mmh3-5.3.0-cp313-cp313-ios_13_0_arm64_iphoneos.whl", hash = "sha256:f401a82d80c53d88605b82a80623edd95d922732d2c513c1c5f8e4b5e10c2913", size = 38796, upload_time = "2026-08-26T04:56:32.207Z" },
    { url = "https://files.pythonhosted.org/packages/ad/05/e137452583b33a56d053ad48643a7c56e4cf466efc8a145da6a736913ae3/mmh3-5.3.0-cp313-cp313-ios_13_0_arm64_iphonesimulator.whl", hash = "sha256:86238bb78ff65c9fc1e6b371b78f271e23c5d61898222c201122209dc8eadc76", size = 39474, upload_time = "2026-08-26T04:56:33.196Z" },
    { url = "https://files.pythonhosted.org/packages/74/e8/a9031fe6ed0eb06ab1c98eb76182eb01dc484dc46873a8e5ef3097d9bdf4/mmh3-5.3.0-cp313-cp313-ios_13_0_x86_64_iphonesimulator.whl", hash = "sha256:222ea0a485e23bdcb29e28d15b8b01ebe34e8720bad4b5f92b645ed86e3fc715", size = 39983, upload_time = "2026-08-26T04:56:34.195Z" },
    { url = "https://files.pythonhosted.org/packages/f9/ae/11459b39af5341de2a048998a717f57b3a1c4e6a9edf8fe09e314b2c263c/mmh3-5.3.0-cp313-cp313-macosx_10_13_universal2.whl", hash = "sha256:d95ee6696aa5b7283f4a27b67eb7db1c4fb5bb7a9117205d29ebaaa7f6294d7b", size = 55464, upload_time = "2026-08-26T04:56:35.23Z" },
    { url = "https://files.pythonhosted.org/packages/49/b7/841b580415a614a3ad836db1cb8d57c425bbeb717c80263a9d979b1a4eac/mmh3-5.3.0-cp313-cp313-macosx_10_13_x86_64.whl", hash = "sha256:e2f439ffd4fd7d64b77f6a287d4605700bad26fe12bb1b63b4ee45211344e2fc", size = 40084, upload_time = "2026-08-26T04:56:36.44Z" },
    { url = "https://files.pythonhosted.org/packages/02/f6/f5cb0e2f7bb7df876847dab63ee984c3f6173569d5b892edc04bc797c1b7/mmh3-5.3.0-cp313-cp313-macosx_11_0_arm64.whl", hash = "sha256:7f9cb34c661454f73432112a81ac522ebe69500feeb8d77f744f6bd3e8b2f2ba", size = 39693, upload_time = "2026-08-26T04:56:37.428Z" },
    { url = "https://files.pythonhosted.org/packages/b5/61/9506d0b30d7388846cc3b884ec63b8d67f3ad2d521e61775315111e70ec3/mmh3-5.3.0-cp313-cp313-manylinux1_i686.manylinux_2_28_i686.manylinux_2_5_i686.whl", hash = "sha256:b6b7397804e9299bd0c01ea426245fa3d730d3e9c31f583f51aa87bed399c481", size = 97247, upload_time = "2026-08-26T04:56:38.439Z" },
    { url = "https://files.pythonhosted.org/packages/da/6f/c6a4acf4715fede1e0acb17d6080ebe9b88290d113bbf9513a8728c65b4d/mmh3-5.3.0-cp313-cp313-manylinux1_x86_64.manylinux_2_28_x86_64.manylinux_2_5_x86_64.whl", hash = "sha256:4a19b00097fcc8e3008bb006cd6bfaf0544e9fa2abc4cc77fbad57971a37dcc0", size = 103256, upload_time = "2026-08-26T04:56:39.52Z" },
    { url = "https://files.pythonhosted.org/packages/a3/2a/f4fe4ebf2e44f49953ed1ee6b90d329d6843ebb949e60e881dbfde84e17d/mmh3-5.3.0-cp313-cp313-manylinux2014_aarch64.manylinux_2_17_aarch64.manylinux_2_28_aarch64.whl", hash = "sha256:83d93abf6a68d54b4e2c4c041ffcffeb94b1c9ab3171443fda3f5f19024be517", size = 106172, upload_time = "2026-08-26T04:56:40.67Z" },
    { url = "https://files.pythonhosted.org/packages/1b/61/23168dc6fa92e1d9b57905b89c694a521a00570f0fe325bc3f6422fe6119/mmh3-5.3.0-cp313-cp313-manylinux2014_ppc64le.manylinux_2_17_ppc64le.manylinux_2_28_ppc64le.whl", hash = "sha256:598350a6adefb5799c800fd00bbeacbc115ee560e2fd7b35f703608c1037a2ed", size = 113020, upload_time = "2026-08-26T04:56:42.035Z" },
    { url = "https://files.pythonhosted.org/packages/6e/f6/68dbb5461727bb14fbca2342a7bba4521400d679d64e00dd98a992eb0be4/mmh3-5.3.0-cp313-cp313-manylinux2014_s390x.manylinux_2_17_s390x.manylinux_2_28_s390x.whl", hash = "sha256:5c0772d6bba19a5601d24b3c6ce6627484fd5a3fd1d402913e1578b1447d51a0", size = 120648, upload_time = "2026-08-26T04:56:43.339Z" },
    { url = "https://files.pythonhosted.org/packages/92/18/a879ce4c26e8c1741b575e6c854b2323fd7e116000965c8904428e66fba6/mmh3-5.3.0-cp313-cp313-musllinux_1_2_aarch64.whl", hash = "sha256:00105934e7d52f80b4364282918c37e2cc3cf9868ef4052016cbc39d8711c3f4", size = 99034, upload_time = "2026-08-26T04:56:44.771Z" },
    { url = "https://files.pythonhosted.org/packages/1b/28/b0548d78133f8e79bb16d6487f2df504ff4e16ea1330954f26be83b645ca/mmh3-5.3.0-cp313-cp313-musllinux_1_2_i686.whl", hash = "sha256:99a5b0a908beb01b0e134b7b085d0ea6bfb7ed28ba3ed0737365aa2ce9bda0e4", size = 98587, upload_time = "2026-08-26T04:56:46.089Z" },
    { url = "https://files.pythonhosted.org/packages/97/10/abfa952c6a443d07efb286b53b439d4418f7cfbac49fca8974cd78c17427/mmh3-5.3.0-cp313-cp313-musllinux_1_2_ppc64le.whl", hash = "sha256:da4ad7a0d4c589069c46101dcb55ee304616293bcf614f4c445b3ecc961fa836", size = 106407, upload_time = "2026-08-26T04:56:47.16Z" },
    { url = "https://files.pythonhosted.org/packages/a6/61/3b974a1cfe683c6cb01d2d3f2d5eddfca7e0a175d976d2307269143f4e0e/mmh3-5.3.0-cp313-cp313-musllinux_1_2_s390x.whl", hash = "sha256:8962a67c314f1da82957aee5b940698aaffff13e41b3298baa59d30cbddb23e2", size = 109922, upload_time = "2026-08-26T04:56:48.451Z" },
    { url = "https://files.pythonhosted.org/packages/0e/d2/ac7e18d6fcee3b26e06b3d33ecab4459b7aa6aff9859b13eb13e353a69ab/mmh3-5.3.0-cp313-cp313-musllinux_1_2_x86_64.whl", hash = "sha256:f61f2850b318c043961662f6cdd08e69b05f1d25d0e321782a3995d39f811548", size = 97456, upload_time = "2026-08-26T04:56:49.559Z" },
    { url = "https://files.pythonhosted.org/packages/ee/80/7911629b930d46ef8cb3165bce44f021d31361a2d7c56e35efe7b0d90493/mmh3-5.3.0-cp313-cp313-win32.whl", hash = "sha256:d7eec1b09bde3a9b6e2102717a587b9c9a96c360a1ef478b5668414619cac606", size = 40458, upload_time = "2026-08-26T04:56:50.785Z" },
    { url = "https://files.pythonhosted.org/packages/45/c7/138d77c740f9d33ceffa968786fe23abe24ce442c210772b5b7cb6e0c198/mmh3-5.3.0-cp313-cp313-win_amd64.whl", hash = "sha256:b1829bfe98d1f6e7bd79646b78e73dcef92c5aa32aaa622b9e07bf39df98c9b5", size = 41879, upload_time = "2026-08-26T04:56:51.785Z" },
    { url = "https://files.pythonhosted.org/packages/8b/e1/4312e5c18c8ef4060c9b50f1a645c9af7c3b79fad012c18fbe64a1b17103/mmh3-5.3.0-cp313-cp313-win_arm64.whl", hash = "sha256:3fb0d4918b7d827ac804069849fde03d516628cbbf7bffe0b957ba6f1440cca6", size = 39203, upload_time = "2026-08-26T04:56:52.746Z" },
    { url = "https://files.pythonhosted.org/packages/ac/5d/838c2260e490baa075d86900ea5179cc99a3f85b6b4377b0d3671ebc3c7e/mmh3-5.3.0-cp314-cp314-android_24_arm64_v8a.whl", hash = "sha256:60d00bbddaec09e8d3259a0d8805e16b96b2709f14d9c486e29568ffe6f55993", size = 41038, upload_time = "2026-08-26T04:56:53.798Z" },
    { url = "https://files.pythonhosted.org/packages/88/83/a2ff105cd6bc7f18c19c9e5e288fa741821788834d5ddd637b5f33d879ee/mmh3-5.3.0-cp314-cp314-android_24_x86_64.whl", hash = "sha256:811f0ef99cc178becef108563505b9e5aa69a406028136874edf6513d3568f8b", size = 42168, upload_time = "2026-08-26T04:56:54.871Z" },
    { url = "https://files.pythonhosted.org/packages/d6/d9/c61e52eddb1e02a25367ef1121a14b69696f17067e3395411e0a86d69ce5/mmh3-5.3.0-cp314-cp314-ios_13_0_arm64_iphoneos.whl", hash = "sha256:9a1841be8752f46cbf58a4825f3789ea66ed9c1190be5d81327509cf757b6f5a", size = 38810, upload_time = "2026-08-26T04:56:55.878Z" },
    { url = "https://files.pythonhosted.org/packages/7f/e3/2a1bfa294ef9df2f48d298e26d1bb05b44ae5ccfab3531a66fcf16eee361/mmh3-5.3.0-cp314-cp314-ios_13_0_arm64_iphonesimulator.whl", hash = "sha256:24eb191910181f4f41ffa2f323d63ebe725ddb0ac461baaa2274658cbe6b4c7e", size = 39489, upload_time = "2026-08-26T04:56:56.978Z" },
    { url = "https://files.pythonhosted.org/packages/60/b8/5dc5a1c593655b8ded88a88c27532d59ba7c94dac1c51665dddf6457cfca/mmh3-5.3.0-cp314-cp314-ios_13_0_x86_64_iphonesimulator.whl", hash = "sha256:a404419c65611d015eb03b204d3558635d97fcef149d0e8ed0ef818f7262f76b", size = 39999, upload_time = "2026-08-26T04:56:58.137Z" },
    { url = "https://files.pythonhosted.org/packages/f6/ed/cf1a8e5d5d2a74918891cd790e22779d11e3ceb0bcabacfac7d47be2ccc3/mmh3-5.3.0-cp314-cp314-macosx_10_15_universal2.whl", hash = "sha256:b77364386164808efb1d7ea1305b14bb04fc6907aab242df3f6c04f5f0c1b371", size = 55493, upload_time = "2026-08-26T04:56:59.335Z" },
    { url = "https://files.pythonhosted.org/packages/6e/5c/4da4d6af3f10635f6042ccfb5cc54ac90a53da9a14fdf1f9168892109b49/mmh3-5.3.0-cp314-cp314-macosx_10_15_x86_64.whl", hash = "sha256:e0c195d2a2cf60c5f32928415d44d430129899b4c215d710f93179a056cf560b", size = 40158, upload_time = "2026-08-26T04:57:00.475Z" },
    { url = "https://files.pythonhosted.org/packages/d8/bf/e4be8e728d94387c673510b11120d003f929858169017ab87b852ab5ac6e/mmh3-5.3.0-cp314-cp314-macosx_11_0_arm64.whl", hash = "sha256:bc6018e95814fd64ea8357c6e9e5608b97b1f33962c76cff60efd52f76b18a40", size = 39699, upload_time = "2026-08-26T04:57:01.561Z" },
    { url = "https://files.pythonhosted.org/packages/34/64/cbf9923093f18f16a655ed5405f8992498c542321b0cbfe92c650c778dce/mmh3-5.3.0-cp314-cp314-manylinux1_i686.manylinux_2_28_i686.manylinux_2_5_i686.whl", hash = "sha256:302e5b527b36a875abb611911142e92abac7580faec51318440149ab13b8e936", size = 97245, upload_time = "2026-08-26T04:57:02.641Z" },
    { url = "https://files.pythonhosted.org/packages/cb/74/71b8f3d20b201511cbf3a3d52f7aebf5b62f8a60d8ac1a258f093e447e09/mmh3-5.3.0-cp314-cp314-manylinux1_x86_64.manylinux_2_28_x86_64.manylinux_2_5_x86_64.whl", hash = "sha256:0a301b316198758aabbfa3ee565e221b757645d9f94b8a9d2889bfefabbb77dd", size = 103246, upload_time = "2026-08-26T04:57:03.826Z" },
    { url = "https://files.pythonhosted.org/packages/81/87/95bb64aa64057349257c487a87c7590ca205d61cacd4248875c8ad5f0530/mmh3-5.3.0-cp314-cp314-manylinux2014_aarch64.manylinux_2_17_aarch64.manylinux_2_28_aarch64.whl", hash = "sha256:a78928eb29e96e8386eebc6c4271648e3918502a24296da7020607d74d33e622", size = 106195, upload_time = "2026-08-26T04:57:05.019Z" },
    { url = "https://files.pythonhosted.org/packages/78/36/4d87428276987949476258c116a092e2110b1cd33268236282c2a71be074/mmh3-5.3.0-cp314-cp314-manylinux2014_ppc64le.manylinux_2_17_ppc64le.manylinux_2_28_ppc64le.whl", hash = "sha256:e7adbd0f38ead7310e1e7428f254d450857645efc761c937a7d71100cce7a3a4", size = 113066, upload_time = "2026-08-26T04:57:06.365Z" },
    { url = "https://files.pythonhosted.org/packages/dc/e2/d2edf34aff2af42afa6abcadb158096dd015234065811323208b63508c03/mmh3-5.3.0-cp314-cp314-manylinux2014_s390x.manylinux_2_17_s390x.manylinux_2_28_s390x.whl", hash = "sha256:422defa81ff5c114213033cb1ce45f3904427ec9dbfa0442a0f4656191f75f5b", size = 120634, upload_time = "2026-08-26T04:57:07.52Z" },
    { url = "https://files.pythonhosted.org/packages/13/53/904a9e87364a0b472ebc3662a6c2e705b8051a726058cb7776a6c2a0966f/mmh3-5.3.0-cp314-cp314-musllinux_1_2_aarch64.whl", hash = "sha256:76601efc7bfe44014d7bf7d6ba9c75bbb0b426c93ce0f9216cd9ec5d384c224b", size = 99075, upload_time = "2026-08-26T04:57:08.7Z" },
    { url = "https://files.pythonhosted.org/packages/51/4c/4ee963b65c9581f429d39b1242d2579c4f74648c848c364634bb24e9a7ec/mmh3-5.3.0-cp314-cp314-musllinux_1_2_i686.whl", hash = "sha256:a5ada8e81fecfca0d934520be81117e5fdccbce7ae43612ae8aeb6c40dfd69ff", size = 98598, upload_time = "2026-08-26T04:57:09.885Z" },
    { url = "https://files.pythonhosted.org/packages/79/0a/0077b5ddb6e13c6cda29eb1b31c5cd12d3456cb625e9161e5f35cb0ed787/mmh3-5.3.0-cp314-cp314-musllinux_1_2_ppc64le.whl", hash = "sha256:b93c17989d23a08104acc7e1912250b2eec4d24da9983d3c5f8ca9cda8d62a02", size = 106429, upload_time = "2026-08-26T04:57:11.163Z" },
    { url = "https://files.pythonhosted.org/packages/e7/86/f07f14f4dd7c5738d0008e7311b47bb84c3a8ab55c753ba1dadc93a959c5/mmh3-5.3.0-cp314-cp314-musllinux_1_2_s390x.whl", hash = "sha256:762a03f0726850677f7f1e34a105d9121b4e11a0c20c28c56fc4b33a809c0e64", size = 109903, upload_time = "2026-08-26T04:57:12.371Z" },
    { url = "https://files.pythonhosted.org/packages/cd/7f/356303be62b1053f57a506ac33b2f536a8665dc14a69c6a8468e9f5fb6d0/mmh3-5.3.0-cp314-cp314-musllinux_1_2_x86_64.whl", hash = "sha256:6f60209149e1011b4a3f3119ad2404b06507fe077755bdfcd4ea0090f64cb399", size = 97448, upload_time = "2026-08-26T04:57:13.552Z" },
    { url = "https://files.pythonhosted.org/packages/f2/57/c131c0c246714bd6483c52360fd4bbcea86ec007b1e653de3dbdf5bebb79/mmh3-5.3.0-cp314-cp314-win32.whl", hash = "sha256:1b51409765cbec88396b7a47d87220f9a34112c74a8d0db3ca2551941f023c74", size = 41008, upload_time = "2026-08-26T04:57:14.626Z" },
    { url = "https://files.pythonhosted.org/packages/c7/f3/571defe22c618c25ba6724c7029fd2ee9977936910aef4f46398f5ec2bb6/mmh3-5.3.0-cp314-cp314-win_amd64.whl", hash = "sha256:2585bef3623efaceb1cf4734c27bbba81b9bcb4ea5b8bf53823ca75b388933c9", size = 42437, upload_time = "2026-08-26T04:57:15.637Z" },
    { url = "https://files.pythonhosted.org/packages/34/ac/974345d0709558e4bd2f8d16c46fe480058d1ac4109e90cd5f2a2525bdb4/mmh3-5.3.0-cp314-cp314-win_arm64.whl", hash = "sha256:c1fe81cd71d35fd2770dc206a4bd818bd73b515810314e1573b9db8c9a0284db", size = 39723, upload_time = "2026-08-26T04:57:16.625Z" },
    { url = "https://files.pythonhosted.org/packages/1a/fd/70b15f5f0038c8fe2cd2a30ca83404e1282af7643ba400214deff3a19498/mmh3-5.3.0-cp314-cp314t-macosx_10_15_universal2.whl", hash = "sha256:397b26f58cb062233abe36b6cdcb99f08204f529d2384e0f3ed07901dca6a2c0", size = 57172, upload_time = "2026-08-26T04:57:17.841Z" },
    { url = "https://files.pythonhosted.org/packages/dd/8f/cf76d541a79d95254888834d0e848bab14b4f98a44e18942c26ce75bbc83/mmh3-5.3.0-cp314-cp314t-macosx_10_15_x86_64.whl", hash = "sha256:fe9b3b53b0688e9e5d7358e934e87c2da5ed34d997d0ef1ec403024ea760215b", size = 40953, upload_time = "2026-08-26T04:57:18.938Z" },
    { url = "https://files.pythonhosted.org/packages/fd/74/39ca2c868a1f921db0962067e8fd8f5c31a3a4b2d0ea6bb279e8e0948cd8/mmh3-5.3.0-cp314-cp314t-macosx_11_0_arm64.whl", hash = "sha256:045b44b299a658f02dfb43db4037437c66290f6d00984992030648b8ffc230d0", size = 40473, upload_time = "2026-08-26T04:57:19.969Z" },
    { url = "https://files.pythonhosted.org/packages/26/0b/4427f0134223b4061146bd6131db2c3b882fcaa08068e0f0d8c1f944a3f7/mmh3-5.3.0-cp314-cp314t-manylinux1_i686.manylinux_2_28_i686.manylinux_2_5_i686.whl", hash = "sha256:060888503ab547f4700e93d13f45ee0d7633f5196028529c1e98c27d5b31520d", size = 109601, upload_time = "2026-08-26T04:57:20.967Z" },
    { url = "https://files.pythonhosted.org/packages/74/f9/6ab1a4d663f0c2fea4e7aeb0bfd6be70897981cf4a71f8339b2510d89ea6/mmh3-5.3.0-cp314-cp314t-manylinux1_x86_64.manylinux_2_28_x86_64.manylinux_2_5_x86_64.whl", hash = "sha256:816db9f5ca3da2ecc9c74481c5b0474cc4368cb94e77f40bff8493abeeac81f0", size = 117370, upload_time = "2026-08-26T04:57:22.161Z" },
    { url = "https://files.pythonhosted.org/packages/cb/ee/b559b1155998448b641ff73d03e1f1141f6390f63ace9df4e42a12120cb9/mmh3-5.3.0-cp314-cp314t-manylinux2014_aarch64.manylinux_2_17_aarch64.manylinux_2_28_aarch64.whl", hash = "sha256:27706a3a4700d34718bd1eaf89719a13bbaa269606048dd00173997562c19c92", size = 120366, upload_time = "2026-08-26T04:57:23.362Z" },
    { url = "https://files.pythonhosted.org/packages/84/7e/79821c37f93fe15ca6710764c651276c6de63e376004dad7b63bc1ddbf2f/mmh3-5.3.0-cp314-cp314t-manylinux2014_ppc64le.manylinux_2_17_ppc64le.manylinux_2_28_ppc64le.whl", hash = "sha256:2d028a0e523d0c3e478544fc8350c024a0e0d73b549dd6013af4119a87589de2", size = 125940, upload_time = "2026-08-26T04:57:24.638Z" },
    { url = "https://files.pythonhosted.org/packages/77/3d/a109fc9bf5263d14989d7aaa4a51e4f21ef3563b9413ad9c05041c4d8403/mmh3-5.3.0-cp314-cp314t-manylinux2014_s390x.manylinux_2_17_s390x.manylinux_2_28_s390x.whl", hash = "sha256:10508e24e01f6b52c91577e22c4466d703c2c696d34fac1a9048e0da837a1a1c", size = 135162, upload_time = "2026-08-26T04:57:25.817Z" },
    { url = "https://files.pythonhosted.org/packages/f9/fe/fa430565444bbc68fef9fea7944ee976265bd0b39ac698cf170e266766e7/mmh3-5.3.0-cp314-cp314t-musllinux_1_2_aarch64.whl", hash = "sha256:23bafb94a90f3ce2044b8a7a36c6c98ac6830ac8df1b3c0b65faa27a1bcbc49e", size = 109984, upload_time = "2026-08-26T04:57:26.982Z" },
    { url = "https://files.pythonhosted.org/packages/d4/6f/a9810ece96d857dc05bda61341e48cbf65bca9c8b24b368724e0e150d2d4/mmh3-5.3.0-cp314-cp314t-musllinux_1_2_i686.whl", hash = "sha256:2bc13752e7d80c7ea09d09368b78fca0d52f461c5c16abee5e4f78218f3d346a", size = 111111, upload_time = "2026-08-26T04:57:28.164Z" },
    { url = "https://files.pythonhosted.org/packages/0d/e7/c17260aba7a7f111d211e382dfaa14891691ab171e0172f7d251498fd60b/mmh3-5.3.0-cp314-cp314t-musllinux_1_2_ppc64le.whl", hash = "sha256:e87e2c89016a83a6d7b8ff4e688ee6da843c5bf46bd1dcbdd36b181639575350", size = 116837, upload_time = "2026-08-26T04:57:29.336Z" },
    { url = "https://files.pythonhosted.org/packages/91/98/bb8f8ded55483672343d6b087e0fc74cd76bc9d1dc1c18c32aa468efd096/mmh3-5.3.0-cp314-cp314t-musllinux_1_2_s390x.whl", hash = "sha256:93203131f4da1824dec6ffad11ff8afa03f0690f0075efa901ad7517a261a359", size = 122993, upload_time = "2026-08-26T04:57:30.542Z" },
    { url = "https://files.pythonhosted.org/packages/aa/a7/e45b0a053c79c1567f64989d4f3bb6f44510d2da7c6a38b8f82eee94162b/mmh3-5.3.0-cp314-cp314t-musllinux_1_2_x86_64.whl", hash = "sha256:d1cda1816c79bf9f7b0f7ced1b48bda64c8157a8532e1318727b4157062a5a67", size = 110150, upload_time = "2026-08-26T04:57:31.745Z" },
    { url = "https://files.pythonhosted.org/packages/16/0e/bacbff120a5218cbf33cbfb562d1435e10ff43bf20345d1125f4086ef842/mmh3-5.3.0-cp314-cp314t-win32.whl", hash = "sha256:a0eee1c2cafed49facb1fd300f684401ba5bd557d6d7dfa9bd0c13c5b0904f0c", size = 41461, upload_time = "2026-08-26T04:57:32.92Z" },
    { url = "https://files.pythonhosted.org/packages/1b/c8/263a2f5af994a2c661fde9483b0e98e737b04831895bfdefc85fd81ed65d/mmh3-5.3.0-cp314-cp314t-win_amd64.whl", hash = "sha256:55347832dc6d49731283717087551839fa46a7997929403c96599b1bc93124f1", size = 43405, upload_time = "2026-08-26T04:57:33.983Z" },
    { url = "https://files.pythonhosted.org/packages/c8/8b/221f238eb4259f42d72d154ce4c4383c65bdedd7d8823ed9e7a564978a76/mmh3-5.3.0-cp314-cp314t-win_arm64.whl", hash = "sha256:50958a182c7e189fa1408d9a28d9a37afbb3d72107cf8c6fb69b07b13506c246", size = 40286, upload_time = "2026-08-26T04:57:35.101Z" },
    { url = "https://files.pythonhosted.org/packages/7a/2e/7c57e51d1276594e2c790707d2d36cd497fd96127eb6fc311274cb8c887f/mmh3-5.3.0-cp315-cp315-android_24_arm64_v8a.whl", hash = "sha256:88a79efc9949837126358be48d3a73628b615d0f9e4a81b2f819cf324b6fedd2", size = 41041, upload_time = "2026-08-26T04:57:36.309Z" },
    { url = "https://files.pythonhosted.org/packages/60/9c/e31280eba39ffcea51e1b895acfe743f5acb5a59162cfac6009360900068/mmh3-5.3.0-cp315-cp315-android_24_x86_64.whl", hash = "sha256:0e23bb59643dd36cfc1b5b6f32ca494dcb798f46281f2fa4561d34e7de777a24", size = 42168, upload_time = "2026-08-26T04:57:37.433Z" },
    { url = "https://files.pythonhosted.org/packages/43/62/228fbfe338dfb3fd410fba5f07765cd0180792d4be62581b717dc6160d11/mmh3-5.3.0-cp315-cp315-ios_13_0_arm64_iphoneos.whl", hash = "sha256:e5133cc123cbbb69b585bb0b0166bf03c035787892a8b365238dd060ce02f8b1", size = 38834, upload_time = "2026-08-26T04:57:38.573Z" },
    { url = "https://files.pythonhosted.org/packages/d7/6c/bba95309795fc92947b5e2ba86b1bff97ffcd8fc56d59c40073a33cc1259/mmh3-5.3.0-cp315-cp315-ios_13_0_arm64_iphonesimulator.whl", hash = "sha256:0619b41fc524c0e1bda7b29e47a9cdb4746be3ebd9413798f82c024894283d47", size = 39543, upload_time = "2026-08-26T04:57:39.597Z" },
    { url = "https://files.pythonhosted.org/packages/3b/3d/bb4b474e5387bc4654cf945734edbdaaf9184dff507df09b624b9389208c/mmh3-5.3.0-cp315-cp315-ios_13_0_x86_64_iphonesimulator.whl", hash = "sha256:c1fc62fc688e884fb6300a536297a09c089c43f9eb8228790bafa66c28e28900", size = 39997, upload_time = "2026-08-26T04:57:40.637Z" },
    { url = "https://files.pythonhosted.org/packages/8f/ba/88da42a2c9b0d3c7ce030c4c2895cdb01ed64df52c811e08e7358c16eb84/mmh3-5.3.0-cp315-cp315-macosx_10_15_universal2.whl", hash = "sha256:9438a4436d33b4c71b57f20cb982f791703c868f8c497c998ec33de3b9c4ce0b", size = 55547, upload_time = "2026-08-26T04:57:41.693Z" },
    { url = "https://files.pythonhosted.org/packages/2a/96/f4c4c46ef01757e10f4b89886bc49f0fdec904ecc2da9b3844fd5a331d7b/mmh3-5.3.0-cp315-cp315-macosx_10_15_x86_64.whl", hash = "sha256:453571409c955837178bedab51d5514aeda9ee4854dcde9e9134765f22da4380", size = 40156, upload_time = "2026-08-26T04:57:42.942Z" },
    { url = "https://files.pythonhosted.org/packages/2a/01/98f2f2ab0ab87eb608841ab277f94a75772661a2b20ce3a9c1bea38f809b/mmh3-5.3.0-cp315-cp315-macosx_11_0_arm64.whl", hash = "sha256:d54b2f5dcd78b99893d0f6f265749886ae4d316fc54ab352444e581972555210", size = 39757, upload_time = "2026-08-26T04:57:43.973Z" },
    { url = "https://files.pythonhosted.org/packages/af/0b/e7db2ea82300479c32e30c26082b88eda5744a49d41d8aa5a0fb60d6b206/mmh3-5.3.0-cp315-cp315-manylinux1_i686.manylinux_2_28_i686.manylinux_2_5_i686.whl", hash = "sha256:c541249b3b9b5a023a9b6c9cc29e16777926e513c97fad3e2c44956e30d5fc7d", size = 98594, upload_time = "2026-08-26T04:57:45.029Z" },
    { url = "https://files.pythonhosted.org/packages/f3/c9/046535bc0362a83b28630f68e4dbfdb2a5b5e56a6463b226a023a96ad593/mmh3-5.3.0-cp315-cp315-manylinux1_x86_64.manylinux_2_28_x86_64.manylinux_2_5_x86_64.whl", hash = "sha256:1232c5667aaa2f1f77096d94dc0019ceb7ace106e9066b66d28773c4226364b0", size = 104104, upload_time = "2026-08-26T04:57:46.34Z" },
    { url = "https://files.pythonhosted.org/packages/e3/72/84dc86824533d3302dc497c8f2c7bfa5e0bcdbf340f378a3c63d05155096/mmh3-5.3.0-cp315-cp315-manylinux2014_aarch64.manylinux_2_17_aarch64.manylinux_2_28_aarch64.whl", hash = "sha256:28de4e0a140f86bea109a6d91de9f1e9a94c9d88e6ec9d4d3c78924e4f8c0a42", size = 106562, upload_time = "2026-08-26T04:57:47.503Z" },
    { url = "https://files.pythonhosted.org/packages/88/a3/085c3e201b23430974dfee96df108daecb7142745deffec71e569dfad0bf/mmh3-5.3.0-cp315-cp315-manylinux2014_ppc64le.manylinux_2_17_ppc64le.manylinux_2_28_ppc64le.whl", hash = "sha256:d1a9424ee53ac4600568f02683254237a3400af2f683060e7217f744d0833885", size = 113269, upload_time = "2026-08-26T04:57:48.613Z" },
    { url = "https://files.pythonhosted.org/packages/e9/9e/5427b7b5c8ab602a1845550d02da15acece374fe71da602e3b0f37d171b8/mmh3-5.3.0-cp315-cp315-manylinux2014_s390x.manylinux_2_17_s390x.manylinux_2_28_s390x.whl", hash = "sha256:90ac257fd93bcd915672262b5f93f606400c1cc29e869bb2ff806038e7234a94", size = 121343, upload_time = "2026-08-26T04:57:49.866Z" },
    { url = "https://files.pythonhosted.org/packages/ba/76/59c41858157a8138e3e0f8a95cb014bbf8105598e3ebc7b53a2254561844/mmh3-5.3.0-cp315-cp315-musllinux_1_2_aarch64.whl", hash = "sha256:9063635665d5e62601d1f089526155ad2aba3c85e2050e439c774919447155aa", size = 99563, upload_time = "2026-08-26T04:57:51.069Z" },
    { url = "https://files.pythonhosted.org/packages/ec/b0/411e361db86ded7b9db1db994cd9bd8fc1c50911a6d7a959c1e101214ed2/mmh3-5.3.0-cp315-cp315-musllinux_1_2_i686.whl", hash = "sha256:def4d23969c4e944a9b01ad3187893edda1cf185d5913224420a72d1959245ff", size = 99563, upload_time = "2026-08-26T04:57:52.282Z" },
    { url = "https://files.pythonhosted.org/packages/e2/16/1f8a1d767c741653100496f2e62866cc857ee14a147628538b83b9cb223d/mmh3-5.3.0-cp315-cp315-musllinux_1_2_ppc64le.whl", hash = "sha256:48ae6e629a63cdadc29264a66edbaac9f18dd77feed973880c65393820867426", size = 106573, upload_time = "2026-08-26T04:57:53.514Z" },
    { url = "https://files.pythonhosted.org/packages/41/ae/ea3879a4da99713b278639d9e55176e45a67464df7809c41d5a0bed9ada1/mmh3-5.3.0-cp315-cp315-musllinux_1_2_s390x.whl", hash = "sha256:4785dec2f768b74c0735c9f0441b2392111a1467c463cae737bad30ac976b524", size = 110225, upload_time = "2026-08-26T04:57:54.707Z" },
    { url = "https://files.pythonhosted.org/packages/30/73/1bc3907f97cf636316414e56b929d990c0754baffd607b560d0d52e71fdf/mmh3-5.3.0-cp315-cp315-musllinux_1_2_x86_64.whl", hash = "sha256:61104a5fc2923d5670f30e3ecbcb12ed70f49a17dfd757b32bc965eb90b53988", size = 98196, upload_time = "2026-08-26T04:57:55.91Z" },
    { url = "https://files.pythonhosted.org/packages/48/7a/726967f0adb26918095a0162f55a65ffdb10e7fa4909d251b9b725f7d361/mmh3-5.3.0-cp315-cp315-win32.whl", hash = "sha256:a4fa195374868fc65fe0ddefacf080c191f7405b36c8ee4ff7ce6c749b52dff9", size = 41010, upload_time = "2026-08-26T04:57:57.145Z" },
    { url = "https://files.pythonhosted.org/packages/6f/f7/efd515b3b5665ecc5cf5113cc5c012dc8028404ace5865ab774af22f5d7a/mmh3-5.3.0-cp315-cp315-win_amd64.whl", hash = "sha256:8d58d74be01b0eb74a14cfe768495c57f3a7a7c573a9db3c984b5f2c759a0fe5", size = 42427, upload_time = "2026-08-26T04:57:58.258Z" },
    { url = "https://files.pythonhosted.org/packages/6b/f0/995893261597dbf57446862928c94b7bf3ab44f409b166d2d1404b226f06/mmh3-5.3.0-cp315-cp315-win_arm64.whl", hash = "sha256:ae30d67c5f41be6c70d28557c0a3285787dccbde46a3c84a97d01996cbf43e7c", size = 39729, upload_time = "2026-08-26T04:57:59.341Z" },
    { url = "https://files.pythonhosted.org/packages/1e/61/a77fbc2aeb88c15300f3b179b9afb0c3f6395997371232929eb750b6103a/mmh3-5.3.0-cp315-cp315t-macosx_10_15_universal2.whl", hash = "sha256:db98041fc5d22f1cf66b38a361cf07a15321c0f2956b6134b007733de8befe2a", size = 57216, upload_time = "2026-08-26T04:58:00.474Z" },
    { url = "https://files.pythonhosted.org/packages/15/a2/07458f4eb072d684528e2e0aee011edb473842c26cd1d69cb09c197406e9/mmh3-5.3.0-cp315-cp315t-macosx_10_15_x86_64.whl", hash = "sha256:70cd0d092d872b17cf1cd66c394a0537c291c97a539bd884fd0c2bdbf989cccb", size = 40961, upload_time = "2026-08-26T04:58:01.582Z" },
    { url = "https://files.pythonhosted.org/packages/f7/84/cf430e12828032c459994c09ce8a9f0da6069a02b76359ab229266a41a8c/mmh3-5.3.0-cp315-cp315t-macosx_11_0_arm64.whl", hash = "sha256:22cf74b87b11fbe732ce6e23699d59b53208114232515975ce486d1e6b5248f8", size = 40506, upload_time = "2026-08-26T04:58:02.641Z" },
    { url = "https://files.pythonhosted.org/packages/ab/c5/00a0589cad767d51b8f431cbcd3295e385bfe4d6b1fea844dd8e8dae612f/mmh3-5.3.0-cp315-cp315t-manylinux1_i686.manylinux_2_28_i686.manylinux_2_5_i686.whl", hash = "sha256:6ff08246d6c6dcdd6306a7d806eb75867cea6238eeb88778fc9c577d8e9fe2d9", size = 108294, upload_time = "2026-08-26T04:58:03.722Z" },
    { url = "https://files.pythonhosted.org/packages/c4/9f/730e34be444a2924cf3bfa4ac4b015b656eead79e735683efecce5a69c34/mmh3-5.3.0-cp315-cp315t-manylinux1_x86_64.manylinux_2_28_x86_64.manylinux_2_5_x86_64.whl", hash = "sha256:44ca9d01e9761208de5ab845ce86096d3e730b35acc0f90cedaf58d3dfa4e325", size = 114249, upload_time = "2026-08-26T04:58:04.939Z" },
    { url = "https://files.pythonhosted.org/packages/fa/d3/771008dfe72651a95e0b91c141f5938ae346585a3d26296d51d58c7c038c/mmh3-5.3.0-cp315-cp315t-manylinux2014_aarch64.manylinux_2_17_aarch64.manylinux_2_28_aarch64.whl", hash = "sha256:a2c36e6d747dcf42f5afc49b107c65c7e2be5dd8e80209244bc50c6bf2bfb81c", size = 117182, upload_time = "2026-08-26T04:58:06.164Z" },
    { url = "https://files.pythonhosted.org/packages/c9/ac/95b7c8b851fb97a6974ea955f3dbe30bf7e3692ba982043f8011b0e39ffd/mmh3-5.3.0-cp315-cp315t-manylinux2014_ppc64le.manylinux_2_17_ppc64le.manylinux_2_28_ppc64le.whl", hash = "sha256:002414b951d980072a90dc25e84fe41570e399503c9db46a45edf61c7f0bd3bf", size = 122413, upload_time = "2026-08-26T04:58:07.689Z" },
    { url = "https://files.pythonhosted.org/packages/79/af/99ddc49b1993da421fd25cec9f46f558a624cc9f2e76695d999a03231197/mmh3-5.3.0-cp315-cp315t-manylinux2014_s390x.manylinux_2_17_s390x.manylinux_2_28_s390x.whl", hash = "sha256:3bfc16e0bca99ecc91d4c9fdc708c432fac2eba3797e78577f4d280031456f37", size = 130998, upload_time = "2026-08-26T04:58:08.981Z" },
    { url = "https://files.pythonhosted.org/packages/14/15/b9c7f0f6d6453a75eee6b455ee87f8839381bfdfba5ae43a2110911693e9/mmh3-5.3.0-cp315-cp315t-musllinux_1_2_aarch64.whl", hash = "sha256:166e3c09c56e980bfef1ee4fe4eded81d544615359eb92fb7ccda8c96f5d9538", size = 107781, upload_time = "2026-08-26T04:58:10.301Z" },
    { url = "https://files.pythonhosted.org/packages/89/b0/cd2a527717e3171ef9bb50f5391bc0fb8c5c9a5df90293132bd56a8783e9/mmh3-5.3.0-cp315-cp315t-musllinux_1_2_i686.whl", hash = "sha256:844f16c472352afa499d3a2ff0316cc812204bda42540af4768ac80a98b56277", size = 108860, upload_time = "2026-08-26T04:58:11.527Z" },
    { url = "https://files.pythonhosted.org/packages/74/8c/09e6e3e74386a73d533903f6e99e0fde75077af3dace436d460ae0e653f3/mmh3-5.3.0-cp315-cp315t-musllinux_1_2_ppc64le.whl", hash = "sha256:1e2cc33121171b1e4657146bfdaf77eb135787465f298d9f5ed04c14771c35d2", size = 114303, upload_time = "2026-08-26T04:58:12.795Z" },
    { url = "https://files.pythonhosted.org/packages/ed/b0/d0996aa44f675f3dee627c2f90bf1c071f2424c203c5cfbe4270632bacfb/mmh3-5.3.0-cp315-cp315t-musllinux_1_2_s390x.whl", hash = "sha256:af550cb399a702b1f277c375461fcd9533f46b435bba1e7847b4b729c6a316aa", size = 119889, upload_time = "2026-08-26T04:58:14.044Z" },
    { url = "https://files.pythonhosted.org/packages/29/9c/9cfe3e09689cbe4e381e09560be44824a143583938392bc3e48b35478dd0/mmh3-5.3.0-cp315-cp315t-musllinux_1_2_x86_64.whl", hash = "sha256:ecd0172b50350cae19e8dbb07789e11234099de8ea44db0a981467a98c165170", size = 107518, upload_time = "2026-08-26T04:58:15.364Z" },
    { url = "https://files.pythonhosted.org/packages/f5/be/57df5ff90b968bcce8d173df2a69f668702d0940f0d66696f259f904a373/mmh3-5.3.0-cp315-cp315t-win32.whl", hash = "sha256:9e03132ea81849b5732122d3d2f39e46a327a461eb3d678f1e74747c9b7ef154", size = 41667, upload_time = "2026-08-26T04:58:16.579Z" },
    { url = "https://files.pythonhosted.org/packages/03/73/5f5d7a5c0bad6ae5568e3232d8b7bcee9639da0de45f8e664342f22bf682/mmh3-5.3.0-cp315-cp315t-win_amd64.whl", hash = "sha256:1617be1ce93f97513bbf23cafa28a6ab1d20b0928de760054a4c603a89bdab7c", size = 43152, upload_time = "2026-08-26T04:58:17.706Z" },
    { url = "https://files.pythonhosted.org/packages/a2/0a/033fef3d7a486aa369ec11cdf0455bbae6640df13491f6e7d35fd90aa000/mmh3-5.3.0-cp315-cp315t-win_arm64.whl", hash = "sha256:a8389010a2721e568fbe40ba94e7d8f931beabd59b95af2b2ab8238fd40a6b3e", size = 40275, upload_time = "2026-08-26T04:58:18.883Z" },
]

[[package]]
name = "python-dotenv"
version = "1.2.3"
source = { registry = "https://pypi.org/simple" }
sdist = { url = "https://files.pythonhosted.org/packages/6a/53/ed9d74092561d4b01a2ef1349d52cdbc135e526c245f366b089cfca6de49/python_dotenv-1.2.3.tar.gz", hash = "sha256:a20a594dabeaa385725aa239d5244871c143ecb356add8a20fcf23773a6c3a35", size = 58945, upload_time = "2026-08-16T16:54:54.067Z" }
wheels = [
    { url = "https://files.pythonhosted.org/packages/0d/17/c5c6b53ddc18f297992099b3d9ec16c855c0ccc83263a21fe4d1c625ec6c/python_dotenv-1.2.3-py3-none-any.whl", hash = "sha256:904552145e8bfed22162c09dab1c2b9b54fefa7b23ba780f4f26ca0316b0f0d9", size = 22780, upload_time = "2026-08-16T16:54:52.473Z" },
]

[[package]]
name = "spelling-checker"
version = "0.1.0"
source = { virtual = "." }
dependencies = [
    { name = "mmh3" },
    { name = "python-dotenv" },
]

[package.metadata]
requires-dist = [
    { name = "mmh3", specifier = ">=5.3.0" },
    { name = "python-dotenv", specifier = ">=1.2.3" },
]
